{
  "name": "TalentVaultRepo",
  "lockfileVersion": 3,
  "requires": true,
  "packages": {
    "": {
      "dependencies": {
        "travis": "^0.1.1"
      }
    },
    "node_modules/travis": {
      "version": "0.1.1",
      "resolved": "https://registry.npmjs.org/travis/-/travis-0.1.1.tgz",
      "integrity": "sha512-df+lXMENpsegelKLwq2FD7uuIMMjzfhUZLYv8gbDXkJ952eF1PaeXy2f/4H635vBEmQUZNjOYZtge3nOkd6G8A=="
    }
  }
}
